{
  "version": 4,
  "terraform_version": "0.13.4",
  "serial": 356,
  "lineage": "35270762-0f89-4559-1da2-9f3659c51bbb",
  "outputs": {},
  "resources": [
    {
      "mode": "data",
      "type": "exoscale_compute_template",
      "name": "instancepoolInfo",
      "provider": "provider[\"registry.terraform.io/exoscale/exoscale\"]",
      "instances": [
        {
          "schema_version": 0,
          "attributes": {
            "filter": "featured",
            "id": "c19542b7-d269-4bd4-bf7c-2cae36d066d3",
            "name": "Linux Ubuntu 20.04 LTS 64-bit",
            "username": "ubuntu",
            "zone": "at-vie-1"
          }
        }
      ]
    },
    {
      "mode": "data",
      "type": "exoscale_compute_template",
      "name": "ubuntuVersion",
      "provider": "provider[\"registry.terraform.io/exoscale/exoscale\"]",
      "instances": [
        {
          "schema_version": 0,
          "attributes": {
            "filter": "featured",
            "id": "c19542b7-d269-4bd4-bf7c-2cae36d066d3",
            "name": "Linux Ubuntu 20.04 LTS 64-bit",
            "username": "ubuntu",
            "zone": "at-vie-1"
          }
        }
      ]
    },
    {
      "mode": "managed",
      "type": "exoscale_compute",
      "name": "prometheus",
      "provider": "provider[\"registry.terraform.io/exoscale/exoscale\"]",
      "instances": []
    },
    {
      "mode": "managed",
      "type": "exoscale_nlb",
      "name": "websiteLoadBalancer",
      "provider": "provider[\"registry.terraform.io/exoscale/exoscale\"]",
      "instances": [
        {
          "schema_version": 0,
          "attributes": {
            "created_at": "2020-11-15 22:08:37 +0000 UTC",
            "description": "empty discription",
            "id": "d73e1f0e-0d88-4969-952c-52cf96c5086c",
            "ip_address": "194.182.184.48",
            "name": "website-nlb",
            "services": [],
            "state": "running",
            "timeouts": null,
            "zone": "at-vie-1"
          },
          "private": "eyJlMmJmYjczMC1lY2FhLTExZTYtOGY4OC0zNDM2M2JjN2M0YzAiOnsiY3JlYXRlIjozMDAwMDAwMDAwMDAsImRlbGV0ZSI6MzAwMDAwMDAwMDAwLCJyZWFkIjozMDAwMDAwMDAwMDAsInVwZGF0ZSI6MzAwMDAwMDAwMDAwfX0="
        }
      ]
    },
    {
      "mode": "managed",
      "type": "exoscale_nlb_service",
      "name": "websiteService",
      "provider": "provider[\"registry.terraform.io/exoscale/exoscale\"]",
      "instances": []
    },
    {
      "mode": "managed",
      "type": "exoscale_security_group",
      "name": "sg",
      "provider": "provider[\"registry.terraform.io/exoscale/exoscale\"]",
      "instances": [
        {
          "schema_version": 0,
          "attributes": {
            "description": "",
            "id": "ad02fc7f-b24d-4be9-824d-928be9ef9107",
            "name": "open-to-world",
            "tags": null,
            "timeouts": null
          },
          "private": "eyJlMmJmYjczMC1lY2FhLTExZTYtOGY4OC0zNDM2M2JjN2M0YzAiOnsiY3JlYXRlIjozMDAwMDAwMDAwMDAsImRlbGV0ZSI6MzAwMDAwMDAwMDAwLCJyZWFkIjozMDAwMDAwMDAwMDB9fQ=="
        }
      ]
    },
    {
      "mode": "managed",
      "type": "exoscale_security_group_rule",
      "name": "http",
      "provider": "provider[\"registry.terraform.io/exoscale/exoscale\"]",
      "instances": [
        {
          "schema_version": 0,
          "attributes": {
            "cidr": "0.0.0.0/0",
            "description": null,
            "end_port": 8080,
            "icmp_code": 0,
            "icmp_type": 0,
            "id": "9d3d7ee6-5a8b-483e-801e-79142e29619e",
            "protocol": "TCP",
            "security_group": "open-to-world",
            "security_group_id": "ad02fc7f-b24d-4be9-824d-928be9ef9107",
            "start_port": 8080,
            "timeouts": null,
            "type": "INGRESS",
            "user_security_group": "",
            "user_security_group_id": null
          },
          "private": "eyJlMmJmYjczMC1lY2FhLTExZTYtOGY4OC0zNDM2M2JjN2M0YzAiOnsiY3JlYXRlIjozMDAwMDAwMDAwMDAsImRlbGV0ZSI6MzAwMDAwMDAwMDAwLCJyZWFkIjozMDAwMDAwMDAwMDB9fQ==",
          "dependencies": [
            "exoscale_security_group.sg"
          ]
        }
      ]
    },
    {
      "mode": "managed",
      "type": "exoscale_security_group_rule",
      "name": "metrics_exporter",
      "provider": "provider[\"registry.terraform.io/exoscale/exoscale\"]",
      "instances": [
        {
          "schema_version": 0,
          "attributes": {
            "cidr": "0.0.0.0/0",
            "description": null,
            "end_port": 9100,
            "icmp_code": 0,
            "icmp_type": 0,
            "id": "e4921170-184c-48e6-a9f3-ae14d1f1864f",
            "protocol": "TCP",
            "security_group": "open-to-world",
            "security_group_id": "ad02fc7f-b24d-4be9-824d-928be9ef9107",
            "start_port": 9100,
            "timeouts": null,
            "type": "INGRESS",
            "user_security_group": "",
            "user_security_group_id": null
          },
          "private": "eyJlMmJmYjczMC1lY2FhLTExZTYtOGY4OC0zNDM2M2JjN2M0YzAiOnsiY3JlYXRlIjozMDAwMDAwMDAwMDAsImRlbGV0ZSI6MzAwMDAwMDAwMDAwLCJyZWFkIjozMDAwMDAwMDAwMDB9fQ==",
          "dependencies": [
            "exoscale_security_group.sg"
          ]
        }
      ]
    },
    {
      "mode": "managed",
      "type": "exoscale_security_group_rule",
      "name": "prometheus",
      "provider": "provider[\"registry.terraform.io/exoscale/exoscale\"]",
      "instances": [
        {
          "schema_version": 0,
          "attributes": {
            "cidr": "0.0.0.0/0",
            "description": null,
            "end_port": 9090,
            "icmp_code": 0,
            "icmp_type": 0,
            "id": "40781adf-8e53-43c7-b403-ee4db30fa35a",
            "protocol": "TCP",
            "security_group": "open-to-world",
            "security_group_id": "ad02fc7f-b24d-4be9-824d-928be9ef9107",
            "start_port": 9090,
            "timeouts": null,
            "type": "INGRESS",
            "user_security_group": "",
            "user_security_group_id": null
          },
          "private": "eyJlMmJmYjczMC1lY2FhLTExZTYtOGY4OC0zNDM2M2JjN2M0YzAiOnsiY3JlYXRlIjozMDAwMDAwMDAwMDAsImRlbGV0ZSI6MzAwMDAwMDAwMDAwLCJyZWFkIjozMDAwMDAwMDAwMDB9fQ==",
          "dependencies": [
            "exoscale_security_group.sg"
          ]
        }
      ]
    }
  ]
}
