{
  "version": 4,
  "terraform_version": "0.13.4",
  "serial": 76,
  "lineage": "35270762-0f89-4559-1da2-9f3659c51bbb",
  "outputs": {},
  "resources": [
    {
      "mode": "data",
      "type": "exoscale_compute_template",
      "name": "instancepoolInfo",
      "provider": "provider[\"registry.terraform.io/exoscale/exoscale\"]",
      "instances": [
        {
          "schema_version": 0,
          "attributes": {
            "filter": "featured",
            "id": "c19542b7-d269-4bd4-bf7c-2cae36d066d3",
            "name": "Linux Ubuntu 20.04 LTS 64-bit",
            "username": "ubuntu",
            "zone": "at-vie-1"
          }
        }
      ]
    },
    {
      "mode": "data",
      "type": "exoscale_compute_template",
      "name": "ubuntuVersion",
      "provider": "provider[\"registry.terraform.io/exoscale/exoscale\"]",
      "instances": [
        {
          "schema_version": 0,
          "attributes": {
            "filter": "featured",
            "id": "c19542b7-d269-4bd4-bf7c-2cae36d066d3",
            "name": "Linux Ubuntu 20.04 LTS 64-bit",
            "username": "ubuntu",
            "zone": "at-vie-1"
          }
        }
      ]
    },
    {
      "mode": "managed",
      "type": "exoscale_instance_pool",
      "name": "instancepoolCreation",
      "provider": "provider[\"registry.terraform.io/exoscale/exoscale\"]",
      "instances": [
        {
          "schema_version": 0,
          "attributes": {
            "description": "empty discription",
            "disk_size": 10,
            "id": "dcc9a9b6-99f1-c4fd-1b6d-cbd24c1bd45a",
            "ipv6": false,
            "key_pair": "",
            "name": "name-for-instance-pool",
            "network_ids": null,
            "security_group_ids": [
              "2419cfe0-2409-4625-97c7-2b4e2192d851"
            ],
            "service_offering": "micro",
            "size": 3,
            "state": "scaling-up",
            "template_id": "c19542b7-d269-4bd4-bf7c-2cae36d066d3",
            "timeouts": null,
            "user_data": "#!/bin/bash\nset -e\n\nexport DEBIAN_FRONTEND=noninteractive\n\n# region Install Docker\napt-get update\napt-get install -y \\\n    apt-transport-https \\\n    ca-certificates \\\n    curl \\\n    gnupg-agent \\\n    software-properties-common\n\ncurl -fsSL https://download.docker.com/linux/ubuntu/gpg | sudo apt-key add -\n\napt-key fingerprint 0EBFCD88\nadd-apt-repository \\\n   \"deb [arch=amd64] https://download.docker.com/linux/ubuntu \\\n   $(lsb_release -cs) \\\n   stable\"\napt-get update\napt-get install -y docker-ce docker-ce-cli containerd.io\n# endregion\n\n# region Launch containers\n\n# Run the load generator\ndocker run -d \\\n  --restart=always \\\n  -p 8080:8080 \\\n  janoszen/http-load-generator:1.0.1\n\n# Run the node exporter\ndocker run -d \\\n  --restart=always \\\n  --net=\"host\" \\\n  --pid=\"host\" \\\n  -v \"/:/host:ro,rslave\" \\\n  quay.io/prometheus/node-exporter \\\n  --path.rootfs=/host\n\n# endregion\n\n",
            "virtual_machines": [
              "pool-dcc9a-kqllu",
              "pool-dcc9a-ruwfe",
              "pool-dcc9a-xgwov"
            ],
            "zone": "at-vie-1"
          },
          "private": "eyJlMmJmYjczMC1lY2FhLTExZTYtOGY4OC0zNDM2M2JjN2M0YzAiOnsiY3JlYXRlIjozMDAwMDAwMDAwMDAsImRlbGV0ZSI6MzAwMDAwMDAwMDAwLCJyZWFkIjozMDAwMDAwMDAwMDAsInVwZGF0ZSI6MzAwMDAwMDAwMDAwfX0=",
          "dependencies": [
            "data.exoscale_compute_template.instancepoolInfo",
            "exoscale_security_group.sg"
          ]
        }
      ]
    },
    {
      "mode": "managed",
      "type": "exoscale_nlb",
      "name": "websiteLoadBalancer",
      "provider": "provider[\"registry.terraform.io/exoscale/exoscale\"]",
      "instances": [
        {
          "schema_version": 0,
          "attributes": {
            "created_at": "2020-10-14 21:29:19 +0000 UTC",
            "description": "empty discription",
            "id": "839eb243-054c-4bda-9fa5-8b67b4fa8c15",
            "ip_address": "194.182.185.240",
            "name": "website-nlb",
            "services": [],
            "state": "running",
            "timeouts": null,
            "zone": "at-vie-1"
          },
          "private": "eyJlMmJmYjczMC1lY2FhLTExZTYtOGY4OC0zNDM2M2JjN2M0YzAiOnsiY3JlYXRlIjozMDAwMDAwMDAwMDAsImRlbGV0ZSI6MzAwMDAwMDAwMDAwLCJyZWFkIjozMDAwMDAwMDAwMDAsInVwZGF0ZSI6MzAwMDAwMDAwMDAwfX0="
        }
      ]
    },
    {
      "mode": "managed",
      "type": "exoscale_nlb_service",
      "name": "websiteService",
      "provider": "provider[\"registry.terraform.io/exoscale/exoscale\"]",
      "instances": [
        {
          "schema_version": 0,
          "attributes": {
            "description": "empty description",
            "healthcheck": [
              {
                "interval": 5,
                "mode": "http",
                "port": 8080,
                "retries": 1,
                "timeout": 3,
                "tls_sni": "",
                "uri": "/health"
              }
            ],
            "id": "7a319895-e26f-45a3-9be7-b7acafe601ea",
            "instance_pool_id": "dcc9a9b6-99f1-c4fd-1b6d-cbd24c1bd45a",
            "name": "name-for-the-website",
            "nlb_id": "839eb243-054c-4bda-9fa5-8b67b4fa8c15",
            "port": 80,
            "protocol": "tcp",
            "strategy": "round-robin",
            "target_port": 8080,
            "timeouts": null,
            "zone": "at-vie-1"
          },
          "private": "eyJlMmJmYjczMC1lY2FhLTExZTYtOGY4OC0zNDM2M2JjN2M0YzAiOnsiY3JlYXRlIjozMDAwMDAwMDAwMDAsImRlbGV0ZSI6MzAwMDAwMDAwMDAwLCJyZWFkIjozMDAwMDAwMDAwMDAsInVwZGF0ZSI6MzAwMDAwMDAwMDAwfX0=",
          "dependencies": [
            "data.exoscale_compute_template.instancepoolInfo",
            "exoscale_instance_pool.instancepoolCreation",
            "exoscale_nlb.websiteLoadBalancer",
            "exoscale_security_group.sg"
          ]
        }
      ]
    },
    {
      "mode": "managed",
      "type": "exoscale_security_group",
      "name": "sg",
      "provider": "provider[\"registry.terraform.io/exoscale/exoscale\"]",
      "instances": [
        {
          "schema_version": 0,
          "attributes": {
            "description": "",
            "id": "2419cfe0-2409-4625-97c7-2b4e2192d851",
            "name": "open-to-world",
            "tags": null,
            "timeouts": null
          },
          "private": "eyJlMmJmYjczMC1lY2FhLTExZTYtOGY4OC0zNDM2M2JjN2M0YzAiOnsiY3JlYXRlIjozMDAwMDAwMDAwMDAsImRlbGV0ZSI6MzAwMDAwMDAwMDAwLCJyZWFkIjozMDAwMDAwMDAwMDB9fQ=="
        }
      ]
    },
    {
      "mode": "managed",
      "type": "exoscale_security_group_rule",
      "name": "http",
      "provider": "provider[\"registry.terraform.io/exoscale/exoscale\"]",
      "instances": [
        {
          "schema_version": 0,
          "attributes": {
            "cidr": "0.0.0.0/0",
            "description": null,
            "end_port": 8080,
            "icmp_code": 0,
            "icmp_type": 0,
            "id": "b60a40db-2f10-4e98-91e4-a7b2258e1056",
            "protocol": "TCP",
            "security_group": "open-to-world",
            "security_group_id": "2419cfe0-2409-4625-97c7-2b4e2192d851",
            "start_port": 80,
            "timeouts": null,
            "type": "INGRESS",
            "user_security_group": "",
            "user_security_group_id": null
          },
          "private": "eyJlMmJmYjczMC1lY2FhLTExZTYtOGY4OC0zNDM2M2JjN2M0YzAiOnsiY3JlYXRlIjozMDAwMDAwMDAwMDAsImRlbGV0ZSI6MzAwMDAwMDAwMDAwLCJyZWFkIjozMDAwMDAwMDAwMDB9fQ==",
          "dependencies": [
            "exoscale_security_group.sg"
          ]
        }
      ]
    }
  ]
}
